// !$*UTF8*$!
{
	archiveVersion = 1;
	classes = {
	};
	objectVersion = 56;
	objects = {

/* Begin PBXBuildFile section */
		527BFCFE2AF2886300719F61 /* AppDelegate.swift in Sources */ = {isa = PBXBuildFile; fileRef = 527BFCFD2AF2886300719F61 /* AppDelegate.swift */; };
		527BFD002AF2886300719F61 /* SceneDelegate.swift in Sources */ = {isa = PBXBuildFile; fileRef = 527BFCFF2AF2886300719F61 /* SceneDelegate.swift */; };
		527BFD022AF2886300719F61 /* TasksListTVC.swift in Sources */ = {isa = PBXBuildFile; fileRef = 527BFD012AF2886300719F61 /* TasksListTVC.swift */; };
		527BFD052AF2886300719F61 /* Main.storyboard in Resources */ = {isa = PBXBuildFile; fileRef = 527BFD032AF2886300719F61 /* Main.storyboard */; };
		527BFD082AF2886300719F61 /* RealmDBCW.xcdatamodeld in Sources */ = {isa = PBXBuildFile; fileRef = 527BFD062AF2886300719F61 /* RealmDBCW.xcdatamodeld */; };
		527BFD0A2AF2886400719F61 /* Assets.xcassets in Resources */ = {isa = PBXBuildFile; fileRef = 527BFD092AF2886400719F61 /* Assets.xcassets */; };
		527BFD0D2AF2886400719F61 /* LaunchScreen.storyboard in Resources */ = {isa = PBXBuildFile; fileRef = 527BFD0B2AF2886400719F61 /* LaunchScreen.storyboard */; };
		527BFD1A2AF28ED100719F61 /* StorageManager.swift in Sources */ = {isa = PBXBuildFile; fileRef = 527BFD192AF28ED100719F61 /* StorageManager.swift */; };
		527BFD1C2AF28F1400719F61 /* TasksListModel.swift in Sources */ = {isa = PBXBuildFile; fileRef = 527BFD1B2AF28F1400719F61 /* TasksListModel.swift */; };
		527BFD1E2AF28F2C00719F61 /* ListModel.swift in Sources */ = {isa = PBXBuildFile; fileRef = 527BFD1D2AF28F2C00719F61 /* ListModel.swift */; };
		527BFD202AF291AF00719F61 /* TasksTVC.swift in Sources */ = {isa = PBXBuildFile; fileRef = 527BFD1F2AF291AF00719F61 /* TasksTVC.swift */; };
		527BFD232AF29F6800719F61 /* Realm in Frameworks */ = {isa = PBXBuildFile; productRef = 527BFD222AF29F6800719F61 /* Realm */; };
		527BFD252AF29F6800719F61 /* RealmSwift in Frameworks */ = {isa = PBXBuildFile; productRef = 527BFD242AF29F6800719F61 /* RealmSwift */; };
		52A787C52AF6E47A007D9A86 /* UITableViewCellExt.swift in Sources */ = {isa = PBXBuildFile; fileRef = 52A787C42AF6E47A007D9A86 /* UITableViewCellExt.swift */; };
/* End PBXBuildFile section */

/* Begin PBXFileReference section */
		527BFCFA2AF2886300719F61 /* RealmDBCW.app */ = {isa = PBXFileReference; explicitFileType = wrapper.application; includeInIndex = 0; path = RealmDBCW.app; sourceTree = BUILT_PRODUCTS_DIR; };
		527BFCFD2AF2886300719F61 /* AppDelegate.swift */ = {isa = PBXFileReference; lastKnownFileType = sourcecode.swift; path = AppDelegate.swift; sourceTree = "<group>"; };
		527BFCFF2AF2886300719F61 /* SceneDelegate.swift */ = {isa = PBXFileReference; lastKnownFileType = sourcecode.swift; path = SceneDelegate.swift; sourceTree = "<group>"; };
		527BFD012AF2886300719F61 /* TasksListTVC.swift */ = {isa = PBXFileReference; lastKnownFileType = sourcecode.swift; path = TasksListTVC.swift; sourceTree = "<group>"; };
		527BFD042AF2886300719F61 /* Base */ = {isa = PBXFileReference; lastKnownFileType = file.storyboard; name = Base; path = Base.lproj/Main.storyboard; sourceTree = "<group>"; };
		527BFD072AF2886300719F61 /* RealmDBCW.xcdatamodel */ = {isa = PBXFileReference; lastKnownFileType = wrapper.xcdatamodel; path = RealmDBCW.xcdatamodel; sourceTree = "<group>"; };
		527BFD092AF2886400719F61 /* Assets.xcassets */ = {isa = PBXFileReference; lastKnownFileType = folder.assetcatalog; path = Assets.xcassets; sourceTree = "<group>"; };
		527BFD0C2AF2886400719F61 /* Base */ = {isa = PBXFileReference; lastKnownFileType = file.storyboard; name = Base; path = Base.lproj/LaunchScreen.storyboard; sourceTree = "<group>"; };
		527BFD0E2AF2886400719F61 /* Info.plist */ = {isa = PBXFileReference; lastKnownFileType = text.plist.xml; path = Info.plist; sourceTree = "<group>"; };
		527BFD192AF28ED100719F61 /* StorageManager.swift */ = {isa = PBXFileReference; lastKnownFileType = sourcecode.swift; path = StorageManager.swift; sourceTree = "<group>"; };
		527BFD1B2AF28F1400719F61 /* TasksListModel.swift */ = {isa = PBXFileReference; lastKnownFileType = sourcecode.swift; path = TasksListModel.swift; sourceTree = "<group>"; };
		527BFD1D2AF28F2C00719F61 /* ListModel.swift */ = {isa = PBXFileReference; lastKnownFileType = sourcecode.swift; path = ListModel.swift; sourceTree = "<group>"; };
		527BFD1F2AF291AF00719F61 /* TasksTVC.swift */ = {isa = PBXFileReference; lastKnownFileType = sourcecode.swift; path = TasksTVC.swift; sourceTree = "<group>"; };
		52A787C42AF6E47A007D9A86 /* UITableViewCellExt.swift */ = {isa = PBXFileReference; lastKnownFileType = sourcecode.swift; path = UITableViewCellExt.swift; sourceTree = "<group>"; };
/* End PBXFileReference section */

/* Begin PBXFrameworksBuildPhase section */
		527BFCF72AF2886300719F61 /* Frameworks */ = {
			isa = PBXFrameworksBuildPhase;
			buildActionMask = 2147483647;
			files = (
				527BFD252AF29F6800719F61 /* RealmSwift in Frameworks */,
				527BFD232AF29F6800719F61 /* Realm in Frameworks */,
			);
			runOnlyForDeploymentPostprocessing = 0;
		};
/* End PBXFrameworksBuildPhase section */

/* Begin PBXGroup section */
		527BFCF12AF2886300719F61 = {
			isa = PBXGroup;
			children = (
				527BFCFC2AF2886300719F61 /* RealmDBCW */,
				527BFCFB2AF2886300719F61 /* Products */,
			);
			sourceTree = "<group>";
		};
		527BFCFB2AF2886300719F61 /* Products */ = {
			isa = PBXGroup;
			children = (
				527BFCFA2AF2886300719F61 /* RealmDBCW.app */,
			);
			name = Products;
			sourceTree = "<group>";
		};
		527BFCFC2AF2886300719F61 /* RealmDBCW */ = {
			isa = PBXGroup;
			children = (
				52A787C62AF6E4BF007D9A86 /* Extensions */,
				527BFD182AF28E9200719F61 /* Managers */,
				527BFD172AF28E8400719F61 /* Models */,
				527BFD152AF28E6900719F61 /* Views */,
				527BFD162AF28E7300719F61 /* Controllers */,
				527BFD092AF2886400719F61 /* Assets.xcassets */,
				527BFD142AF28E4F00719F61 /* Delegates */,
				527BFD0E2AF2886400719F61 /* Info.plist */,
				527BFD062AF2886300719F61 /* RealmDBCW.xcdatamodeld */,
			);
			path = RealmDBCW;
			sourceTree = "<group>";
		};
		527BFD142AF28E4F00719F61 /* Delegates */ = {
			isa = PBXGroup;
			children = (
				527BFCFD2AF2886300719F61 /* AppDelegate.swift */,
				527BFCFF2AF2886300719F61 /* SceneDelegate.swift */,
			);
			path = Delegates;
			sourceTree = "<group>";
		};
		527BFD152AF28E6900719F61 /* Views */ = {
			isa = PBXGroup;
			children = (
				527BFD032AF2886300719F61 /* Main.storyboard */,
				527BFD0B2AF2886400719F61 /* LaunchScreen.storyboard */,
			);
			path = Views;
			sourceTree = "<group>";
		};
		527BFD162AF28E7300719F61 /* Controllers */ = {
			isa = PBXGroup;
			children = (
				527BFD012AF2886300719F61 /* TasksListTVC.swift */,
				527BFD1F2AF291AF00719F61 /* TasksTVC.swift */,
			);
			path = Controllers;
			sourceTree = "<group>";
		};
		527BFD172AF28E8400719F61 /* Models */ = {
			isa = PBXGroup;
			children = (
				527BFD1B2AF28F1400719F61 /* TasksListModel.swift */,
				527BFD1D2AF28F2C00719F61 /* ListModel.swift */,
			);
			path = Models;
			sourceTree = "<group>";
		};
		527BFD182AF28E9200719F61 /* Managers */ = {
			isa = PBXGroup;
			children = (
				527BFD192AF28ED100719F61 /* StorageManager.swift */,
			);
			path = Managers;
			sourceTree = "<group>";
		};
		52A787C62AF6E4BF007D9A86 /* Extensions */ = {
			isa = PBXGroup;
			children = (
				52A787C42AF6E47A007D9A86 /* UITableViewCellExt.swift */,
			);
			path = Extensions;
			sourceTree = "<group>";
		};
/* End PBXGroup section */

/* Begin PBXNativeTarget section */
		527BFCF92AF2886300719F61 /* RealmDBCW */ = {
			isa = PBXNativeTarget;
			buildConfigurationList = 527BFD112AF2886400719F61 /* Build configuration list for PBXNativeTarget "RealmDBCW" */;
			buildPhases = (
				527BFCF62AF2886300719F61 /* Sources */,
				527BFCF72AF2886300719F61 /* Frameworks */,
				527BFCF82AF2886300719F61 /* Resources */,
			);
			buildRules = (
			);
			dependencies = (
			);
			name = RealmDBCW;
			packageProductDependencies = (
				527BFD222AF29F6800719F61 /* Realm */,
				527BFD242AF29F6800719F61 /* RealmSwift */,
			);
			productName = RealmDBCW;
			productReference = 527BFCFA2AF2886300719F61 /* RealmDBCW.app */;
			productType = "com.apple.product-type.application";
		};
/* End PBXNativeTarget section */

/* Begin PBXProject section */
		527BFCF22AF2886300719F61 /* Project object */ = {
			isa = PBXProject;
			attributes = {
				BuildIndependentTargetsInParallel = 1;
				LastSwiftUpdateCheck = 1430;
				LastUpgradeCheck = 1430;
				TargetAttributes = {
					527BFCF92AF2886300719F61 = {
						CreatedOnToolsVersion = 14.3.1;
					};
				};
			};
			buildConfigurationList = 527BFCF52AF2886300719F61 /* Build configuration list for PBXProject "RealmDBCW" */;
			compatibilityVersion = "Xcode 14.0";
			developmentRegion = en;
			hasScannedForEncodings = 0;
			knownRegions = (
				en,
				Base,
			);
			mainGroup = 527BFCF12AF2886300719F61;
			packageReferences = (
				527BFD212AF29F6800719F61 /* XCRemoteSwiftPackageReference "realm-swift" */,
			);
			productRefGroup = 527BFCFB2AF2886300719F61 /* Products */;
			projectDirPath = "";
			projectRoot = "";
			targets = (
				527BFCF92AF2886300719F61 /* RealmDBCW */,
			);
		};
/* End PBXProject section */

/* Begin PBXResourcesBuildPhase section */
		527BFCF82AF2886300719F61 /* Resources */ = {
			isa = PBXResourcesBuildPhase;
			buildActionMask = 2147483647;
			files = (
				527BFD0D2AF2886400719F61 /* LaunchScreen.storyboard in Resources */,
				527BFD0A2AF2886400719F61 /* Assets.xcassets in Resources */,
				527BFD052AF2886300719F61 /* Main.storyboard in Resources */,
			);
			runOnlyForDeploymentPostprocessing = 0;
		};
/* End PBXResourcesBuildPhase section */

/* Begin PBXSourcesBuildPhase section */
		527BFCF62AF2886300719F61 /* Sources */ = {
			isa = PBXSourcesBuildPhase;
			buildActionMask = 2147483647;
			files = (
				527BFD022AF2886300719F61 /* TasksListTVC.swift in Sources */,
				527BFCFE2AF2886300719F61 /* AppDelegate.swift in Sources */,
				52A787C52AF6E47A007D9A86 /* UITableViewCellExt.swift in Sources */,
				527BFD1C2AF28F1400719F61 /* TasksListModel.swift in Sources */,
				527BFD1A2AF28ED100719F61 /* StorageManager.swift in Sources */,
				527BFD202AF291AF00719F61 /* TasksTVC.swift in Sources */,
				527BFD1E2AF28F2C00719F61 /* ListModel.swift in Sources */,
				527BFD002AF2886300719F61 /* SceneDelegate.swift in Sources */,
				527BFD082AF2886300719F61 /* RealmDBCW.xcdatamodeld in Sources */,
			);
			runOnlyForDeploymentPostprocessing = 0;
		};
/* End PBXSourcesBuildPhase section */

/* Begin PBXVariantGroup section */
		527BFD032AF2886300719F61 /* Main.storyboard */ = {
			isa = PBXVariantGroup;
			children = (
				527BFD042AF2886300719F61 /* Base */,
			);
			name = Main.storyboard;
			sourceTree = "<group>";
		};
		527BFD0B2AF2886400719F61 /* LaunchScreen.storyboard */ = {
			isa = PBXVariantGroup;
			children = (
				527BFD0C2AF2886400719F61 /* Base */,
			);
			name = LaunchScreen.storyboard;
			sourceTree = "<group>";
		};
/* End PBXVariantGroup section */

/* Begin XCBuildConfiguration section */
		527BFD0F2AF2886400719F61 /* Debug */ = {
			isa = XCBuildConfiguration;
			buildSettings = {
				ALWAYS_SEARCH_USER_PATHS = NO;
				CLANG_ANALYZER_NONNULL = YES;
				CLANG_ANALYZER_NUMBER_OBJECT_CONVERSION = YES_AGGRESSIVE;
				CLANG_CXX_LANGUAGE_STANDARD = "gnu++20";
				CLANG_ENABLE_MODULES = YES;
				CLANG_ENABLE_OBJC_ARC = YES;
				CLANG_ENABLE_OBJC_WEAK = YES;
				CLANG_WARN_BLOCK_CAPTURE_AUTORELEASING = YES;
				CLANG_WARN_BOOL_CONVERSION = YES;
				CLANG_WARN_COMMA = YES;
				CLANG_WARN_CONSTANT_CONVERSION = YES;
				CLANG_WARN_DEPRECATED_OBJC_IMPLEMENTATIONS = YES;
				CLANG_WARN_DIRECT_OBJC_ISA_USAGE = YES_ERROR;
				CLANG_WARN_DOCUMENTATION_COMMENTS = YES;
				CLANG_WARN_EMPTY_BODY = YES;
				CLANG_WARN_ENUM_CONVERSION = YES;
				CLANG_WARN_INFINITE_RECURSION = YES;
				CLANG_WARN_INT_CONVERSION = YES;
				CLANG_WARN_NON_LITERAL_NULL_CONVERSION = YES;
				CLANG_WARN_OBJC_IMPLICIT_RETAIN_SELF = YES;
				CLANG_WARN_OBJC_LITERAL_CONVERSION = YES;
				CLANG_WARN_OBJC_ROOT_CLASS = YES_ERROR;
				CLANG_WARN_QUOTED_INCLUDE_IN_FRAMEWORK_HEADER = YES;
				CLANG_WARN_RANGE_LOOP_ANALYSIS = YES;
				CLANG_WARN_STRICT_PROTOTYPES = YES;
				CLANG_WARN_SUSPICIOUS_MOVE = YES;
				CLANG_WARN_UNGUARDED_AVAILABILITY = YES_AGGRESSIVE;
				CLANG_WARN_UNREACHABLE_CODE = YES;
				CLANG_WARN__DUPLICATE_METHOD_MATCH = YES;
				COPY_PHASE_STRIP = NO;
				DEBUG_INFORMATION_FORMAT = dwarf;
				ENABLE_STRICT_OBJC_MSGSEND = YES;
				ENABLE_TESTABILITY = YES;
				GCC_C_LANGUAGE_STANDARD = gnu11;
				GCC_DYNAMIC_NO_PIC = NO;
				GCC_NO_COMMON_BLOCKS = YES;
				GCC_OPTIMIZATION_LEVEL = 0;
				GCC_PREPROCESSOR_DEFINITIONS = (
					"DEBUG=1",
					"$(inherited)",
				);
				GCC_WARN_64_TO_32_BIT_CONVERSION = YES;
				GCC_WARN_ABOUT_RETURN_TYPE = YES_ERROR;
				GCC_WARN_UNDECLARED_SELECTOR = YES;
				GCC_WARN_UNINITIALIZED_AUTOS = YES_AGGRESSIVE;
				GCC_WARN_UNUSED_FUNCTION = YES;
				GCC_WARN_UNUSED_VARIABLE = YES;
				IPHONEOS_DEPLOYMENT_TARGET = 16.4;
				MTL_ENABLE_DEBUG_INFO = INCLUDE_SOURCE;
				MTL_FAST_MATH = YES;
				ONLY_ACTIVE_ARCH = YES;
				SDKROOT = iphoneos;
				SWIFT_ACTIVE_COMPILATION_CONDITIONS = DEBUG;
				SWIFT_OPTIMIZATION_LEVEL = "-Onone";
			};
			name = Debug;
		};
		527BFD102AF2886400719F61 /* Release */ = {
			isa = XCBuildConfiguration;
			buildSettings = {
				ALWAYS_SEARCH_USER_PATHS = NO;
				CLANG_ANALYZER_NONNULL = YES;
				CLANG_ANALYZER_NUMBER_OBJECT_CONVERSION = YES_AGGRESSIVE;
				CLANG_CXX_LANGUAGE_STANDARD = "gnu++20";
				CLANG_ENABLE_MODULES = YES;
				CLANG_ENABLE_OBJC_ARC = YES;
				CLANG_ENABLE_OBJC_WEAK = YES;
				CLANG_WARN_BLOCK_CAPTURE_AUTORELEASING = YES;
				CLANG_WARN_BOOL_CONVERSION = YES;
				CLANG_WARN_COMMA = YES;
				CLANG_WARN_CONSTANT_CONVERSION = YES;
				CLANG_WARN_DEPRECATED_OBJC_IMPLEMENTATIONS = YES;
				CLANG_WARN_DIRECT_OBJC_ISA_USAGE = YES_ERROR;
				CLANG_WARN_DOCUMENTATION_COMMENTS = YES;
				CLANG_WARN_EMPTY_BODY = YES;
				CLANG_WARN_ENUM_CONVERSION = YES;
				CLANG_WARN_INFINITE_RECURSION = YES;
				CLANG_WARN_INT_CONVERSION = YES;
				CLANG_WARN_NON_LITERAL_NULL_CONVERSION = YES;
				CLANG_WARN_OBJC_IMPLICIT_RETAIN_SELF = YES;
				CLANG_WARN_OBJC_LITERAL_CONVERSION = YES;
				CLANG_WARN_OBJC_ROOT_CLASS = YES_ERROR;
				CLANG_WARN_QUOTED_INCLUDE_IN_FRAMEWORK_HEADER = YES;
				CLANG_WARN_RANGE_LOOP_ANALYSIS = YES;
				CLANG_WARN_STRICT_PROTOTYPES = YES;
				CLANG_WARN_SUSPICIOUS_MOVE = YES;
				CLANG_WARN_UNGUARDED_AVAILABILITY = YES_AGGRESSIVE;
				CLANG_WARN_UNREACHABLE_CODE = YES;
				CLANG_WARN__DUPLICATE_METHOD_MATCH = YES;
				COPY_PHASE_STRIP = NO;
				DEBUG_INFORMATION_FORMAT = "dwarf-with-dsym";
				ENABLE_NS_ASSERTIONS = NO;
				ENABLE_STRICT_OBJC_MSGSEND = YES;
				GCC_C_LANGUAGE_STANDARD = gnu11;
				GCC_NO_COMMON_BLOCKS = YES;
				GCC_WARN_64_TO_32_BIT_CONVERSION = YES;
				GCC_WARN_ABOUT_RETURN_TYPE = YES_ERROR;
				GCC_WARN_UNDECLARED_SELECTOR = YES;
				GCC_WARN_UNINITIALIZED_AUTOS = YES_AGGRESSIVE;
				GCC_WARN_UNUSED_FUNCTION = YES;
				GCC_WARN_UNUSED_VARIABLE = YES;
				IPHONEOS_DEPLOYMENT_TARGET = 16.4;
				MTL_ENABLE_DEBUG_INFO = NO;
				MTL_FAST_MATH = YES;
				SDKROOT = iphoneos;
				SWIFT_COMPILATION_MODE = wholemodule;
				SWIFT_OPTIMIZATION_LEVEL = "-O";
				VALIDATE_PRODUCT = YES;
			};
			name = Release;
		};
		527BFD122AF2886400719F61 /* Debug */ = {
			isa = XCBuildConfiguration;
			buildSettings = {
				ASSETCATALOG_COMPILER_APPICON_NAME = AppIcon;
				ASSETCATALOG_COMPILER_GLOBAL_ACCENT_COLOR_NAME = AccentColor;
				CODE_SIGN_STYLE = Automatic;
				CURRENT_PROJECT_VERSION = 1;
				DEVELOPMENT_TEAM = RK692GK2JP;
				GENERATE_INFOPLIST_FILE = YES;
				INFOPLIST_FILE = RealmDBCW/Info.plist;
				INFOPLIST_KEY_UIApplicationSupportsIndirectInputEvents = YES;
				INFOPLIST_KEY_UILaunchStoryboardName = LaunchScreen;
				INFOPLIST_KEY_UIMainStoryboardFile = Main;
				INFOPLIST_KEY_UISupportedInterfaceOrientations_iPad = "UIInterfaceOrientationPortrait UIInterfaceOrientationPortraitUpsideDown UIInterfaceOrientationLandscapeLeft UIInterfaceOrientationLandscapeRight";
				INFOPLIST_KEY_UISupportedInterfaceOrientations_iPhone = "UIInterfaceOrientationPortrait UIInterfaceOrientationLandscapeLeft UIInterfaceOrientationLandscapeRight";
				LD_RUNPATH_SEARCH_PATHS = (
					"$(inherited)",
					"@executable_path/Frameworks",
				);
				MARKETING_VERSION = 1.0;
				PRODUCT_BUNDLE_IDENTIFIER = com.itlime.RealmDBCW;
				PRODUCT_NAME = "$(TARGET_NAME)";
				SWIFT_EMIT_LOC_STRINGS = YES;
				SWIFT_VERSION = 5.0;
				TARGETED_DEVICE_FAMILY = "1,2";
			};
			name = Debug;
		};
		527BFD132AF2886400719F61 /* Release */ = {
			isa = XCBuildConfiguration;
			buildSettings = {
				ASSETCATALOG_COMPILER_APPICON_NAME = AppIcon;
				ASSETCATALOG_COMPILER_GLOBAL_ACCENT_COLOR_NAME = AccentColor;
				CODE_SIGN_STYLE = Automatic;
				CURRENT_PROJECT_VERSION = 1;
				DEVELOPMENT_TEAM = RK692GK2JP;
				GENERATE_INFOPLIST_FILE = YES;
				INFOPLIST_FILE = RealmDBCW/Info.plist;
				INFOPLIST_KEY_UIApplicationSupportsIndirectInputEvents = YES;
				INFOPLIST_KEY_UILaunchStoryboardName = LaunchScreen;
				INFOPLIST_KEY_UIMainStoryboardFile = Main;
				INFOPLIST_KEY_UISupportedInterfaceOrientations_iPad = "UIInterfaceOrientationPortrait UIInterfaceOrientationPortraitUpsideDown UIInterfaceOrientationLandscapeLeft UIInterfaceOrientationLandscapeRight";
				INFOPLIST_KEY_UISupportedInterfaceOrientations_iPhone = "UIInterfaceOrientationPortrait UIInterfaceOrientationLandscapeLeft UIInterfaceOrientationLandscapeRight";
				LD_RUNPATH_SEARCH_PATHS = (
					"$(inherited)",
					"@executable_path/Frameworks",
				);
				MARKETING_VERSION = 1.0;
				PRODUCT_BUNDLE_IDENTIFIER = com.itlime.RealmDBCW;
				PRODUCT_NAME = "$(TARGET_NAME)";
				SWIFT_EMIT_LOC_STRINGS = YES;
				SWIFT_VERSION = 5.0;
				TARGETED_DEVICE_FAMILY = "1,2";
			};
			name = Release;
		};
/* End XCBuildConfiguration section */

/* Begin XCConfigurationList section */
		527BFCF52AF2886300719F61 /* Build configuration list for PBXProject "RealmDBCW" */ = {
			isa = XCConfigurationList;
			buildConfigurations = (
				527BFD0F2AF2886400719F61 /* Debug */,
				527BFD102AF2886400719F61 /* Release */,
			);
			defaultConfigurationIsVisible = 0;
			defaultConfigurationName = Release;
		};
		527BFD112AF2886400719F61 /* Build configuration list for PBXNativeTarget "RealmDBCW" */ = {
			isa = XCConfigurationList;
			buildConfigurations = (
				527BFD122AF2886400719F61 /* Debug */,
				527BFD132AF2886400719F61 /* Release */,
			);
			defaultConfigurationIsVisible = 0;
			defaultConfigurationName = Release;
		};
/* End XCConfigurationList section */

/* Begin XCRemoteSwiftPackageReference section */
		527BFD212AF29F6800719F61 /* XCRemoteSwiftPackageReference "realm-swift" */ = {
			isa = XCRemoteSwiftPackageReference;
			repositoryURL = "https://github.com/realm/realm-swift.git";
			requirement = {
				kind = upToNextMajorVersion;
				minimumVersion = 10.44.0;
			};
		};
/* End XCRemoteSwiftPackageReference section */

/* Begin XCSwiftPackageProductDependency section */
		527BFD222AF29F6800719F61 /* Realm */ = {
			isa = XCSwiftPackageProductDependency;
			package = 527BFD212AF29F6800719F61 /* XCRemoteSwiftPackageReference "realm-swift" */;
			productName = Realm;
		};
		527BFD242AF29F6800719F61 /* RealmSwift */ = {
			isa = XCSwiftPackageProductDependency;
			package = 527BFD212AF29F6800719F61 /* XCRemoteSwiftPackageReference "realm-swift" */;
			productName = RealmSwift;
		};
/* End XCSwiftPackageProductDependency section */

/* Begin XCVersionGroup section */
		527BFD062AF2886300719F61 /* RealmDBCW.xcdatamodeld */ = {
			isa = XCVersionGroup;
			children = (
				527BFD072AF2886300719F61 /* RealmDBCW.xcdatamodel */,
			);
			currentVersion = 527BFD072AF2886300719F61 /* RealmDBCW.xcdatamodel */;
			path = RealmDBCW.xcdatamodeld;
			sourceTree = "<group>";
			versionGroupType = wrapper.xcdatamodel;
		};
/* End XCVersionGroup section */
	};
	rootObject = 527BFCF22AF2886300719F61 /* Project object */;
}
